
Microsoft Visual Studio Solution File, Format Version 12.00
# Visual Studio Version 17
VisualStudioVersion = 17.8.34316.72
MinimumVisualStudioVersion = 10.0.40219.1
Project("{9A19103F-16F7-4668-BE54-9A1E7A4F7556}") = "GameOfHearts.ConsoleApp", "GameOfHearts.ConsoleApp\GameOfHearts.ConsoleApp.csproj", "{8EE87F6E-6893-4CE9-9DD6-B29D8EEFFAB9}"
EndProject
Project("{9A19103F-16F7-4668-BE54-9A1E7A4F7556}") = "GameOfHearts.Game", "GameOfHearts.Game\GameOfHearts.Game.csproj", "{530CFE31-588A-4ED5-A271-3F7822242FCA}"
EndProject
Project("{9A19103F-16F7-4668-BE54-9A1E7A4F7556}") = "GameOfHearts.ArtificialPlayer", "GameOfHearts.ArtificialPlayer\GameOfHearts.ArtificialPlayer.csproj", "{5AEBD441-3D05-4D9A-9F98-619D4FADE9DA}"
EndProject
Project("{9A19103F-16F7-4668-BE54-9A1E7A4F7556}") = "GameOfHearts.HumanPlayer", "GameOfHearts.HumanPlayer\GameOfHearts.HumanPlayer.csproj", "{BD9CF755-495F-4F76-B67E-610C6EA1B650}"
EndProject
Project("{2150E333-8FDC-42A3-9474-1A3956D46DE8}") = "Solution Items", "Solution Items", "{89303DF5-2C77-4789-9868-79FBD59425EC}"
	ProjectSection(SolutionItems) = preProject
		.editorconfig = .editorconfig
	EndProjectSection
EndProject
Project("{FAE04EC0-301F-11D3-BF4B-00C04F79EFBC}") = "GameOfHearts.LoggingProvider", "GameOfHearts.LoggingProvider\GameOfHearts.LoggingProvider.csproj", "{B68E8B25-3AC1-4CCB-BAC9-63A51ADCAA89}"
EndProject
Global
	GlobalSection(SolutionConfigurationPlatforms) = preSolution
		Debug|Any CPU = Debug|Any CPU
		Release|Any CPU = Release|Any CPU
	EndGlobalSection
	GlobalSection(ProjectConfigurationPlatforms) = postSolution
		{8EE87F6E-6893-4CE9-9DD6-B29D8EEFFAB9}.Debug|Any CPU.ActiveCfg = Debug|Any CPU
		{8EE87F6E-6893-4CE9-9DD6-B29D8EEFFAB9}.Debug|Any CPU.Build.0 = Debug|Any CPU
		{8EE87F6E-6893-4CE9-9DD6-B29D8EEFFAB9}.Release|Any CPU.ActiveCfg = Release|Any CPU
		{8EE87F6E-6893-4CE9-9DD6-B29D8EEFFAB9}.Release|Any CPU.Build.0 = Release|Any CPU
		{530CFE31-588A-4ED5-A271-3F7822242FCA}.Debug|Any CPU.ActiveCfg = Debug|Any CPU
		{530CFE31-588A-4ED5-A271-3F7822242FCA}.Debug|Any CPU.Build.0 = Debug|Any CPU
		{530CFE31-588A-4ED5-A271-3F7822242FCA}.Release|Any CPU.ActiveCfg = Release|Any CPU
		{530CFE31-588A-4ED5-A271-3F7822242FCA}.Release|Any CPU.Build.0 = Release|Any CPU
		{5AEBD441-3D05-4D9A-9F98-619D4FADE9DA}.Debug|Any CPU.ActiveCfg = Debug|Any CPU
		{5AEBD441-3D05-4D9A-9F98-619D4FADE9DA}.Debug|Any CPU.Build.0 = Debug|Any CPU
		{5AEBD441-3D05-4D9A-9F98-619D4FADE9DA}.Release|Any CPU.ActiveCfg = Release|Any CPU
		{5AEBD441-3D05-4D9A-9F98-619D4FADE9DA}.Release|Any CPU.Build.0 = Release|Any CPU
		{BD9CF755-495F-4F76-B67E-610C6EA1B650}.Debug|Any CPU.ActiveCfg = Debug|Any CPU
		{BD9CF755-495F-4F76-B67E-610C6EA1B650}.Debug|Any CPU.Build.0 = Debug|Any CPU
		{BD9CF755-495F-4F76-B67E-610C6EA1B650}.Release|Any CPU.ActiveCfg = Release|Any CPU
		{BD9CF755-495F-4F76-B67E-610C6EA1B650}.Release|Any CPU.Build.0 = Release|Any CPU
		{B68E8B25-3AC1-4CCB-BAC9-63A51ADCAA89}.Debug|Any CPU.ActiveCfg = Debug|Any CPU
		{B68E8B25-3AC1-4CCB-BAC9-63A51ADCAA89}.Debug|Any CPU.Build.0 = Debug|Any CPU
		{B68E8B25-3AC1-4CCB-BAC9-63A51ADCAA89}.Release|Any CPU.ActiveCfg = Release|Any CPU
		{B68E8B25-3AC1-4CCB-BAC9-63A51ADCAA89}.Release|Any CPU.Build.0 = Release|Any CPU
	EndGlobalSection
	GlobalSection(SolutionProperties) = preSolution
		HideSolutionNode = FALSE
	EndGlobalSection
	GlobalSection(ExtensibilityGlobals) = postSolution
		SolutionGuid = {0C855AD2-FCE3-4943-9D85-2B2E90DD4947}
	EndGlobalSection
EndGlobal
